{
  "nodes": {
    "nixpkgs": {
      "locked": {
        "lastModified": 1674679476,
        "narHash": "sha256-n9Wy2B+x7BbvvysWP+/kdkG3AXbem71xNgpMyITOO+o=",
        "owner": "nixos",
        "repo": "nixpkgs",
        "rev": "e3e016984f9f449fe8f56b479894f2242aee57e1",
        "type": "github"
      },
      "original": {
        "owner": "nixos",
        "repo": "nixpkgs",
        "type": "github"
      }
    },
    "root": {
      "inputs": {
        "nixpkgs": "nixpkgs",
        "utils": "utils"
      }
    },
    "utils": {
      "locked": {
        "lastModified": 1667395993,
        "narHash": "sha256-nuEHfE/LcWyuSWnS8t12N1wc105Qtau+/OdUAjtQ0rA=",
        "owner": "numtide",
        "repo": "flake-utils",
        "rev": "5aed5285a952e0b949eb3ba02c12fa4fcfef535f",
        "type": "github"
      },
      "original": {
        "owner": "numtide",
        "repo": "flake-utils",
        "type": "github"
      }
    }
  },
  "root": "root",
  "version": 7
}
